
Microsoft Visual Studio Solution File, Format Version 12.00
Project("{FAE04EC0-301F-11D3-BF4B-00C04F79EFBC}") = "UD.Api", "UD.Api\UD.Api.csproj", "{5AE279D0-B8DF-4174-AFDB-1C612E8D93EB}"
EndProject
Project("{FAE04EC0-301F-11D3-BF4B-00C04F79EFBC}") = "Contracts", "Contracts\Contracts.csproj", "{0F246556-49D6-4A8D-9455-5E0269DEDF20}"
EndProject
Project("{FAE04EC0-301F-11D3-BF4B-00C04F79EFBC}") = "LoggerService", "LoggerService\LoggerService.csproj", "{9BBD31D7-D388-4B08-A0C9-89A755A142D5}"
EndProject
Project("{FAE04EC0-301F-11D3-BF4B-00C04F79EFBC}") = "Entities", "Entities\Entities.csproj", "{FE1ACD24-927D-4D84-A6CB-F8C9BC04CFF9}"
EndProject
Project("{FAE04EC0-301F-11D3-BF4B-00C04F79EFBC}") = "Repository", "Repository\Repository.csproj", "{1407FB8C-6B6A-48B3-AE56-A8F1E4942293}"
EndProject
Project("{FAE04EC0-301F-11D3-BF4B-00C04F79EFBC}") = "ServiceContracts", "ServiceContracts\ServiceContracts.csproj", "{21EBC7D2-A713-44C1-B5EC-0D0D72142061}"
EndProject
Project("{FAE04EC0-301F-11D3-BF4B-00C04F79EFBC}") = "Service", "Service\Service.csproj", "{7471A0FE-BA1B-4C6B-B02D-76971F803BAC}"
EndProject
Global
	GlobalSection(SolutionConfigurationPlatforms) = preSolution
		Debug|Any CPU = Debug|Any CPU
		Release|Any CPU = Release|Any CPU
	EndGlobalSection
	GlobalSection(ProjectConfigurationPlatforms) = postSolution
		{5AE279D0-B8DF-4174-AFDB-1C612E8D93EB}.Debug|Any CPU.ActiveCfg = Debug|Any CPU
		{5AE279D0-B8DF-4174-AFDB-1C612E8D93EB}.Debug|Any CPU.Build.0 = Debug|Any CPU
		{5AE279D0-B8DF-4174-AFDB-1C612E8D93EB}.Release|Any CPU.ActiveCfg = Release|Any CPU
		{5AE279D0-B8DF-4174-AFDB-1C612E8D93EB}.Release|Any CPU.Build.0 = Release|Any CPU
		{0F246556-49D6-4A8D-9455-5E0269DEDF20}.Debug|Any CPU.ActiveCfg = Debug|Any CPU
		{0F246556-49D6-4A8D-9455-5E0269DEDF20}.Debug|Any CPU.Build.0 = Debug|Any CPU
		{0F246556-49D6-4A8D-9455-5E0269DEDF20}.Release|Any CPU.ActiveCfg = Release|Any CPU
		{0F246556-49D6-4A8D-9455-5E0269DEDF20}.Release|Any CPU.Build.0 = Release|Any CPU
		{9BBD31D7-D388-4B08-A0C9-89A755A142D5}.Debug|Any CPU.ActiveCfg = Debug|Any CPU
		{9BBD31D7-D388-4B08-A0C9-89A755A142D5}.Debug|Any CPU.Build.0 = Debug|Any CPU
		{9BBD31D7-D388-4B08-A0C9-89A755A142D5}.Release|Any CPU.ActiveCfg = Release|Any CPU
		{9BBD31D7-D388-4B08-A0C9-89A755A142D5}.Release|Any CPU.Build.0 = Release|Any CPU
		{FE1ACD24-927D-4D84-A6CB-F8C9BC04CFF9}.Debug|Any CPU.ActiveCfg = Debug|Any CPU
		{FE1ACD24-927D-4D84-A6CB-F8C9BC04CFF9}.Debug|Any CPU.Build.0 = Debug|Any CPU
		{FE1ACD24-927D-4D84-A6CB-F8C9BC04CFF9}.Release|Any CPU.ActiveCfg = Release|Any CPU
		{FE1ACD24-927D-4D84-A6CB-F8C9BC04CFF9}.Release|Any CPU.Build.0 = Release|Any CPU
		{1407FB8C-6B6A-48B3-AE56-A8F1E4942293}.Debug|Any CPU.ActiveCfg = Debug|Any CPU
		{1407FB8C-6B6A-48B3-AE56-A8F1E4942293}.Debug|Any CPU.Build.0 = Debug|Any CPU
		{1407FB8C-6B6A-48B3-AE56-A8F1E4942293}.Release|Any CPU.ActiveCfg = Release|Any CPU
		{1407FB8C-6B6A-48B3-AE56-A8F1E4942293}.Release|Any CPU.Build.0 = Release|Any CPU
		{21EBC7D2-A713-44C1-B5EC-0D0D72142061}.Debug|Any CPU.ActiveCfg = Debug|Any CPU
		{21EBC7D2-A713-44C1-B5EC-0D0D72142061}.Debug|Any CPU.Build.0 = Debug|Any CPU
		{21EBC7D2-A713-44C1-B5EC-0D0D72142061}.Release|Any CPU.ActiveCfg = Release|Any CPU
		{21EBC7D2-A713-44C1-B5EC-0D0D72142061}.Release|Any CPU.Build.0 = Release|Any CPU
		{7471A0FE-BA1B-4C6B-B02D-76971F803BAC}.Debug|Any CPU.ActiveCfg = Debug|Any CPU
		{7471A0FE-BA1B-4C6B-B02D-76971F803BAC}.Debug|Any CPU.Build.0 = Debug|Any CPU
		{7471A0FE-BA1B-4C6B-B02D-76971F803BAC}.Release|Any CPU.ActiveCfg = Release|Any CPU
		{7471A0FE-BA1B-4C6B-B02D-76971F803BAC}.Release|Any CPU.Build.0 = Release|Any CPU
	EndGlobalSection
EndGlobal
